
Microsoft Visual Studio Solution File, Format Version 12.00
# Visual Studio Version 17
VisualStudioVersion = 17.1.32319.34
MinimumVisualStudioVersion = 10.0.40219.1
Project("{FAE04EC0-301F-11D3-BF4B-00C04F79EFBC}") = "eCommerce", "eCommerce\eCommerce.csproj", "{1BC113AB-F26B-4495-8A64-695640C05EA0}"
EndProject
Global
	GlobalSection(SolutionConfigurationPlatforms) = preSolution
		Debug|Any CPU = Debug|Any CPU
		Release|Any CPU = Release|Any CPU
	EndGlobalSection
	GlobalSection(ProjectConfigurationPlatforms) = postSolution
		{1BC113AB-F26B-4495-8A64-695640C05EA0}.Debug|Any CPU.ActiveCfg = Debug|Any CPU
		{1BC113AB-F26B-4495-8A64-695640C05EA0}.Debug|Any CPU.Build.0 = Debug|Any CPU
		{1BC113AB-F26B-4495-8A64-695640C05EA0}.Release|Any CPU.ActiveCfg = Release|Any CPU
		{1BC113AB-F26B-4495-8A64-695640C05EA0}.Release|Any CPU.Build.0 = Release|Any CPU
	EndGlobalSection
	GlobalSection(SolutionProperties) = preSolution
		HideSolutionNode = FALSE
	EndGlobalSection
	GlobalSection(ExtensibilityGlobals) = postSolution
		SolutionGuid = {483E6CC3-FCF8-4B01-9396-26B7F36C55FD}
	EndGlobalSection
EndGlobal
